
Microsoft Visual Studio Solution File, Format Version 12.00
# Visual Studio Version 17
VisualStudioVersion = 17.0.31903.59
MinimumVisualStudioVersion = 10.0.40219.1
Project("{2150E333-8FDC-42A3-9474-1A3956D46DE8}") = "exercises", "exercises", "{FA1342F9-6EA7-42A0-BACE-B0D440994CB3}"
EndProject
Project("{F2A71F9B-5D33-465A-A702-920D77279786}") = "intro", "exercises\001_intro\intro.fsproj", "{79336F5C-8920-4BA6-AD5B-1251D7897942}"
EndProject
Project("{F2A71F9B-5D33-465A-A702-920D77279786}") = "let", "exercises\002_let\let.fsproj", "{643FE890-CE68-447C-A61A-A99A7739B83E}"
EndProject
Project("{F2A71F9B-5D33-465A-A702-920D77279786}") = "flings", "flings.fsproj", "{5C01CB0A-AAA2-458B-B395-1D43AD028263}"
EndProject
Global
	GlobalSection(SolutionConfigurationPlatforms) = preSolution
		Debug|Any CPU = Debug|Any CPU
		Release|Any CPU = Release|Any CPU
	EndGlobalSection
	GlobalSection(SolutionProperties) = preSolution
		HideSolutionNode = FALSE
	EndGlobalSection
	GlobalSection(ProjectConfigurationPlatforms) = postSolution
		{79336F5C-8920-4BA6-AD5B-1251D7897942}.Debug|Any CPU.ActiveCfg = Debug|Any CPU
		{79336F5C-8920-4BA6-AD5B-1251D7897942}.Debug|Any CPU.Build.0 = Debug|Any CPU
		{79336F5C-8920-4BA6-AD5B-1251D7897942}.Release|Any CPU.ActiveCfg = Release|Any CPU
		{79336F5C-8920-4BA6-AD5B-1251D7897942}.Release|Any CPU.Build.0 = Release|Any CPU
		{643FE890-CE68-447C-A61A-A99A7739B83E}.Debug|Any CPU.ActiveCfg = Debug|Any CPU
		{643FE890-CE68-447C-A61A-A99A7739B83E}.Debug|Any CPU.Build.0 = Debug|Any CPU
		{643FE890-CE68-447C-A61A-A99A7739B83E}.Release|Any CPU.ActiveCfg = Release|Any CPU
		{643FE890-CE68-447C-A61A-A99A7739B83E}.Release|Any CPU.Build.0 = Release|Any CPU
		{5C01CB0A-AAA2-458B-B395-1D43AD028263}.Debug|Any CPU.ActiveCfg = Debug|Any CPU
		{5C01CB0A-AAA2-458B-B395-1D43AD028263}.Debug|Any CPU.Build.0 = Debug|Any CPU
		{5C01CB0A-AAA2-458B-B395-1D43AD028263}.Release|Any CPU.ActiveCfg = Release|Any CPU
		{5C01CB0A-AAA2-458B-B395-1D43AD028263}.Release|Any CPU.Build.0 = Release|Any CPU
	EndGlobalSection
	GlobalSection(NestedProjects) = preSolution
		{79336F5C-8920-4BA6-AD5B-1251D7897942} = {FA1342F9-6EA7-42A0-BACE-B0D440994CB3}
		{643FE890-CE68-447C-A61A-A99A7739B83E} = {FA1342F9-6EA7-42A0-BACE-B0D440994CB3}
	EndGlobalSection
EndGlobal
